// !$*UTF8*$!
{
	archiveVersion = 1;
	classes = {
	};
	objectVersion = 70;
	objects = {

/* Begin PBXBuildFile section */
		000000000000000000000002 /* ulakApp.swift in Sources */ = {isa = PBXBuildFile; fileRef = 000000000000000000000001 /* ulakApp.swift */; };
		000000000000000000000004 /* ContentView.swift in Sources */ = {isa = PBXBuildFile; fileRef = 000000000000000000000003 /* ContentView.swift */; };
		000000000000000000000006 /* Theme.swift in Sources */ = {isa = PBXBuildFile; fileRef = 000000000000000000000005 /* Theme.swift */; };
		000000000000000000000008 /* Device.swift in Sources */ = {isa = PBXBuildFile; fileRef = 000000000000000000000007 /* Device.swift */; };
		00000000000000000000000A /* ReceivedItem.swift in Sources */ = {isa = PBXBuildFile; fileRef = 000000000000000000000009 /* ReceivedItem.swift */; };
		00000000000000000000000C /* AppSettings.swift in Sources */ = {isa = PBXBuildFile; fileRef = 00000000000000000000000B /* AppSettings.swift */; };
		00000000000000000000000E /* EncryptionManager.swift in Sources */ = {isa = PBXBuildFile; fileRef = 00000000000000000000000D /* EncryptionManager.swift */; };
		000000000000000000000010 /* NetworkManager.swift in Sources */ = {isa = PBXBuildFile; fileRef = 00000000000000000000000F /* NetworkManager.swift */; };
		000000000000000000000012 /* WebServer.swift in Sources */ = {isa = PBXBuildFile; fileRef = 000000000000000000000011 /* WebServer.swift */; };
		000000000000000000000014 /* MainView.swift in Sources */ = {isa = PBXBuildFile; fileRef = 000000000000000000000013 /* MainView.swift */; };
		000000000000000000000016 /* SendView.swift in Sources */ = {isa = PBXBuildFile; fileRef = 000000000000000000000015 /* SendView.swift */; };
		000000000000000000000018 /* ReceiveView.swift in Sources */ = {isa = PBXBuildFile; fileRef = 000000000000000000000017 /* ReceiveView.swift */; };
		00000000000000000000001A /* SettingsView.swift in Sources */ = {isa = PBXBuildFile; fileRef = 000000000000000000000019 /* SettingsView.swift */; };
		00000000000000000000001C /* AboutView.swift in Sources */ = {isa = PBXBuildFile; fileRef = 00000000000000000000001B /* AboutView.swift */; };
		00000000000000000000001E /* Assets.xcassets in Resources */ = {isa = PBXBuildFile; fileRef = 00000000000000000000001D /* Assets.xcassets */; };
		000000000000000000000022 /* ulakTests.swift in Sources */ = {isa = PBXBuildFile; fileRef = 000000000000000000000021 /* ulakTests.swift */; };
		E1AA3BC42F83C86400684F0C /* UlakWatch Watch App.app in Embed Watch Content */ = {isa = PBXBuildFile; fileRef = E1AA3BBA2F83C86200684F0C /* UlakWatch Watch App.app */; settings = {ATTRIBUTES = (RemoveHeadersOnCopy, ); }; };
/* End PBXBuildFile section */

/* Begin PBXContainerItemProxy section */
		E1AA3BC22F83C86400684F0C /* PBXContainerItemProxy */ = {
			isa = PBXContainerItemProxy;
			containerPortal = 000000000000000000000050 /* Project object */;
			proxyType = 1;
			remoteGlobalIDString = E1AA3BB92F83C86200684F0C;
			remoteInfo = "UlakWatch Watch App";
		};
		E1D244AC2F8363090075D380 /* PBXContainerItemProxy */ = {
			isa = PBXContainerItemProxy;
			containerPortal = 000000000000000000000050 /* Project object */;
			proxyType = 1;
			remoteGlobalIDString = 000000000000000000000040;
			remoteInfo = ulak;
		};
/* End PBXContainerItemProxy section */

/* Begin PBXCopyFilesBuildPhase section */
		E1AA3BC52F83C86400684F0C /* Embed Watch Content */ = {
			isa = PBXCopyFilesBuildPhase;
			buildActionMask = 2147483647;
			dstPath = "$(CONTENTS_FOLDER_PATH)/Watch";
			dstSubfolderSpec = 16;
			files = (
				E1AA3BC42F83C86400684F0C /* UlakWatch Watch App.app in Embed Watch Content */,
			);
			name = "Embed Watch Content";
			runOnlyForDeploymentPostprocessing = 0;
		};
/* End PBXCopyFilesBuildPhase section */

/* Begin PBXFileReference section */
		000000000000000000000001 /* ulakApp.swift */ = {isa = PBXFileReference; lastKnownFileType = sourcecode.swift; path = ulakApp.swift; sourceTree = "<group>"; };
		000000000000000000000003 /* ContentView.swift */ = {isa = PBXFileReference; lastKnownFileType = sourcecode.swift; path = ContentView.swift; sourceTree = "<group>"; };
		000000000000000000000005 /* Theme.swift */ = {isa = PBXFileReference; lastKnownFileType = sourcecode.swift; path = Theme.swift; sourceTree = "<group>"; };
		000000000000000000000007 /* Device.swift */ = {isa = PBXFileReference; lastKnownFileType = sourcecode.swift; path = Device.swift; sourceTree = "<group>"; };
		000000000000000000000009 /* ReceivedItem.swift */ = {isa = PBXFileReference; lastKnownFileType = sourcecode.swift; path = ReceivedItem.swift; sourceTree = "<group>"; };
		00000000000000000000000B /* AppSettings.swift */ = {isa = PBXFileReference; lastKnownFileType = sourcecode.swift; path = AppSettings.swift; sourceTree = "<group>"; };
		00000000000000000000000D /* EncryptionManager.swift */ = {isa = PBXFileReference; lastKnownFileType = sourcecode.swift; path = EncryptionManager.swift; sourceTree = "<group>"; };
		00000000000000000000000F /* NetworkManager.swift */ = {isa = PBXFileReference; lastKnownFileType = sourcecode.swift; path = NetworkManager.swift; sourceTree = "<group>"; };
		000000000000000000000011 /* WebServer.swift */ = {isa = PBXFileReference; lastKnownFileType = sourcecode.swift; path = WebServer.swift; sourceTree = "<group>"; };
		000000000000000000000013 /* MainView.swift */ = {isa = PBXFileReference; lastKnownFileType = sourcecode.swift; path = MainView.swift; sourceTree = "<group>"; };
		000000000000000000000015 /* SendView.swift */ = {isa = PBXFileReference; lastKnownFileType = sourcecode.swift; path = SendView.swift; sourceTree = "<group>"; };
		000000000000000000000017 /* ReceiveView.swift */ = {isa = PBXFileReference; lastKnownFileType = sourcecode.swift; path = ReceiveView.swift; sourceTree = "<group>"; };
		000000000000000000000019 /* SettingsView.swift */ = {isa = PBXFileReference; lastKnownFileType = sourcecode.swift; path = SettingsView.swift; sourceTree = "<group>"; };
		00000000000000000000001B /* AboutView.swift */ = {isa = PBXFileReference; lastKnownFileType = sourcecode.swift; path = AboutView.swift; sourceTree = "<group>"; };
		00000000000000000000001D /* Assets.xcassets */ = {isa = PBXFileReference; lastKnownFileType = folder.assetcatalog; path = Assets.xcassets; sourceTree = "<group>"; };
		00000000000000000000001F /* Info.plist */ = {isa = PBXFileReference; lastKnownFileType = text.plist.xml; path = Info.plist; sourceTree = "<group>"; };
		000000000000000000000020 /* ulak.app */ = {isa = PBXFileReference; explicitFileType = wrapper.application; includeInIndex = 0; path = ulak.app; sourceTree = BUILT_PRODUCTS_DIR; };
		000000000000000000000021 /* ulakTests.swift */ = {isa = PBXFileReference; lastKnownFileType = sourcecode.swift; path = ulakTests.swift; sourceTree = "<group>"; };
		000000000000000000000023 /* ulakTests.xctest */ = {isa = PBXFileReference; explicitFileType = wrapper.cfbundle; includeInIndex = 0; path = ulakTests.xctest; sourceTree = BUILT_PRODUCTS_DIR; };
		E1AA3BBA2F83C86200684F0C /* UlakWatch Watch App.app */ = {isa = PBXFileReference; explicitFileType = wrapper.application; includeInIndex = 0; path = "UlakWatch Watch App.app"; sourceTree = BUILT_PRODUCTS_DIR; };
/* End PBXFileReference section */

/* Begin PBXFileSystemSynchronizedRootGroup section */
		E1AA3BBB2F83C86200684F0C /* UlakWatch Watch App */ = {isa = PBXFileSystemSynchronizedRootGroup; explicitFileTypes = {}; explicitFolders = (); path = "UlakWatch Watch App"; sourceTree = "<group>"; };
/* End PBXFileSystemSynchronizedRootGroup section */

/* Begin PBXFrameworksBuildPhase section */
		000000000000000000000062 /* Frameworks */ = {
			isa = PBXFrameworksBuildPhase;
			buildActionMask = 2147483647;
			files = (
			);
			runOnlyForDeploymentPostprocessing = 0;
		};
		E1AA3BB72F83C86200684F0C /* Frameworks */ = {
			isa = PBXFrameworksBuildPhase;
			buildActionMask = 2147483647;
			files = (
			);
			runOnlyForDeploymentPostprocessing = 0;
		};
/* End PBXFrameworksBuildPhase section */

/* Begin PBXGroup section */
		000000000000000000000030 = {
			isa = PBXGroup;
			children = (
				000000000000000000000032 /* ulak */,
				000000000000000000000037 /* ulakTests */,
				E1AA3BBB2F83C86200684F0C /* UlakWatch Watch App */,
				000000000000000000000031 /* Products */,
			);
			sourceTree = "<group>";
		};
		000000000000000000000031 /* Products */ = {
			isa = PBXGroup;
			children = (
				000000000000000000000020 /* ulak.app */,
				000000000000000000000023 /* ulakTests.xctest */,
				E1AA3BBA2F83C86200684F0C /* UlakWatch Watch App.app */,
			);
			name = Products;
			sourceTree = "<group>";
		};
		000000000000000000000032 /* ulak */ = {
			isa = PBXGroup;
			children = (
				000000000000000000000001 /* ulakApp.swift */,
				000000000000000000000003 /* ContentView.swift */,
				000000000000000000000035 /* Theme */,
				000000000000000000000033 /* Models */,
				000000000000000000000034 /* Networking */,
				000000000000000000000036 /* Views */,
				00000000000000000000001D /* Assets.xcassets */,
				00000000000000000000001F /* Info.plist */,
			);
			path = ulak;
			sourceTree = "<group>";
		};
		000000000000000000000033 /* Models */ = {
			isa = PBXGroup;
			children = (
				000000000000000000000007 /* Device.swift */,
				000000000000000000000009 /* ReceivedItem.swift */,
				00000000000000000000000B /* AppSettings.swift */,
			);
			path = Models;
			sourceTree = "<group>";
		};
		000000000000000000000034 /* Networking */ = {
			isa = PBXGroup;
			children = (
				00000000000000000000000D /* EncryptionManager.swift */,
				00000000000000000000000F /* NetworkManager.swift */,
				000000000000000000000011 /* WebServer.swift */,
			);
			path = Networking;
			sourceTree = "<group>";
		};
		000000000000000000000035 /* Theme */ = {
			isa = PBXGroup;
			children = (
				000000000000000000000005 /* Theme.swift */,
			);
			path = Theme;
			sourceTree = "<group>";
		};
		000000000000000000000036 /* Views */ = {
			isa = PBXGroup;
			children = (
				000000000000000000000013 /* MainView.swift */,
				000000000000000000000015 /* SendView.swift */,
				000000000000000000000017 /* ReceiveView.swift */,
				000000000000000000000019 /* SettingsView.swift */,
				00000000000000000000001B /* AboutView.swift */,
			);
			path = Views;
			sourceTree = "<group>";
		};
		000000000000000000000037 /* ulakTests */ = {
			isa = PBXGroup;
			children = (
				000000000000000000000021 /* ulakTests.swift */,
			);
			path = ulakTests;
			sourceTree = "<group>";
		};
/* End PBXGroup section */

/* Begin PBXNativeTarget section */
		000000000000000000000040 /* ulak */ = {
			isa = PBXNativeTarget;
			buildConfigurationList = 000000000000000000000090 /* Build configuration list for PBXNativeTarget "ulak" */;
			buildPhases = (
				000000000000000000000060 /* Sources */,
				000000000000000000000061 /* Resources */,
				000000000000000000000062 /* Frameworks */,
				E1AA3BC52F83C86400684F0C /* Embed Watch Content */,
			);
			buildRules = (
			);
			dependencies = (
				E1AA3BC32F83C86400684F0C /* PBXTargetDependency */,
			);
			name = ulak;
			productName = ulak;
			productReference = 000000000000000000000020 /* ulak.app */;
			productType = "com.apple.product-type.application";
		};
		000000000000000000000041 /* ulakTests */ = {
			isa = PBXNativeTarget;
			buildConfigurationList = 000000000000000000000091 /* Build configuration list for PBXNativeTarget "ulakTests" */;
			buildPhases = (
				000000000000000000000063 /* Sources */,
			);
			buildRules = (
			);
			dependencies = (
				000000000000000000000070 /* PBXTargetDependency */,
			);
			name = ulakTests;
			productName = ulakTests;
			productReference = 000000000000000000000023 /* ulakTests.xctest */;
			productType = "com.apple.product-type.bundle.unit-test";
		};
		E1AA3BB92F83C86200684F0C /* UlakWatch Watch App */ = {
			isa = PBXNativeTarget;
			buildConfigurationList = E1AA3BC82F83C86400684F0C /* Build configuration list for PBXNativeTarget "UlakWatch Watch App" */;
			buildPhases = (
				E1AA3BB62F83C86200684F0C /* Sources */,
				E1AA3BB72F83C86200684F0C /* Frameworks */,
				E1AA3BB82F83C86200684F0C /* Resources */,
			);
			buildRules = (
			);
			dependencies = (
			);
			fileSystemSynchronizedGroups = (
				E1AA3BBB2F83C86200684F0C /* UlakWatch Watch App */,
			);
			name = "UlakWatch Watch App";
			packageProductDependencies = (
			);
			productName = "UlakWatch Watch App";
			productReference = E1AA3BBA2F83C86200684F0C /* UlakWatch Watch App.app */;
			productType = "com.apple.product-type.application";
		};
/* End PBXNativeTarget section */

/* Begin PBXProject section */
		000000000000000000000050 /* Project object */ = {
			isa = PBXProject;
			attributes = {
				BuildIndependentTargetsInParallel = 1;
				LastSwiftUpdateCheck = 2640;
				LastUpgradeCheck = 2640;
				TargetAttributes = {
					000000000000000000000040 = {
						CreatedOnToolsVersion = 15.0;
					};
					000000000000000000000041 = {
						CreatedOnToolsVersion = 15.0;
						TestTargetID = 000000000000000000000040;
					};
					E1AA3BB92F83C86200684F0C = {
						CreatedOnToolsVersion = 26.4;
					};
				};
			};
			buildConfigurationList = 000000000000000000000092 /* Build configuration list for PBXProject "ulak" */;
			compatibilityVersion = "Xcode 14.0";
			developmentRegion = tr;
			hasScannedForEncodings = 0;
			knownRegions = (
				en,
				tr,
				Base,
			);
			mainGroup = 000000000000000000000030;
			productRefGroup = 000000000000000000000031 /* Products */;
			projectDirPath = "";
			projectRoot = "";
			targets = (
				000000000000000000000040 /* ulak */,
				000000000000000000000041 /* ulakTests */,
				E1AA3BB92F83C86200684F0C /* UlakWatch Watch App */,
			);
		};
/* End PBXProject section */

/* Begin PBXResourcesBuildPhase section */
		000000000000000000000061 /* Resources */ = {
			isa = PBXResourcesBuildPhase;
			buildActionMask = 2147483647;
			files = (
				00000000000000000000001E /* Assets.xcassets in Resources */,
			);
			runOnlyForDeploymentPostprocessing = 0;
		};
		E1AA3BB82F83C86200684F0C /* Resources */ = {
			isa = PBXResourcesBuildPhase;
			buildActionMask = 2147483647;
			files = (
			);
			runOnlyForDeploymentPostprocessing = 0;
		};
/* End PBXResourcesBuildPhase section */

/* Begin PBXSourcesBuildPhase section */
		000000000000000000000060 /* Sources */ = {
			isa = PBXSourcesBuildPhase;
			buildActionMask = 2147483647;
			files = (
				000000000000000000000002 /* ulakApp.swift in Sources */,
				000000000000000000000004 /* ContentView.swift in Sources */,
				000000000000000000000006 /* Theme.swift in Sources */,
				000000000000000000000008 /* Device.swift in Sources */,
				00000000000000000000000A /* ReceivedItem.swift in Sources */,
				00000000000000000000000C /* AppSettings.swift in Sources */,
				00000000000000000000000E /* EncryptionManager.swift in Sources */,
				000000000000000000000010 /* NetworkManager.swift in Sources */,
				000000000000000000000012 /* WebServer.swift in Sources */,
				000000000000000000000014 /* MainView.swift in Sources */,
				000000000000000000000016 /* SendView.swift in Sources */,
				000000000000000000000018 /* ReceiveView.swift in Sources */,
				00000000000000000000001A /* SettingsView.swift in Sources */,
				00000000000000000000001C /* AboutView.swift in Sources */,
			);
			runOnlyForDeploymentPostprocessing = 0;
		};
		000000000000000000000063 /* Sources */ = {
			isa = PBXSourcesBuildPhase;
			buildActionMask = 2147483647;
			files = (
				000000000000000000000022 /* ulakTests.swift in Sources */,
			);
			runOnlyForDeploymentPostprocessing = 0;
		};
		E1AA3BB62F83C86200684F0C /* Sources */ = {
			isa = PBXSourcesBuildPhase;
			buildActionMask = 2147483647;
			files = (
			);
			runOnlyForDeploymentPostprocessing = 0;
		};
/* End PBXSourcesBuildPhase section */

/* Begin PBXTargetDependency section */
		000000000000000000000070 /* PBXTargetDependency */ = {
			isa = PBXTargetDependency;
			target = 000000000000000000000040 /* ulak */;
			targetProxy = E1D244AC2F8363090075D380 /* PBXContainerItemProxy */;
		};
		E1AA3BC32F83C86400684F0C /* PBXTargetDependency */ = {
			isa = PBXTargetDependency;
			target = E1AA3BB92F83C86200684F0C /* UlakWatch Watch App */;
			targetProxy = E1AA3BC22F83C86400684F0C /* PBXContainerItemProxy */;
		};
/* End PBXTargetDependency section */

/* Begin XCBuildConfiguration section */
		000000000000000000000080 /* Debug */ = {
			isa = XCBuildConfiguration;
			buildSettings = {
				ASSETCATALOG_COMPILER_APPICON_NAME = AppIcon;
				ASSETCATALOG_COMPILER_GLOBAL_ACCENT_COLOR_NAME = AccentColor;
				CODE_SIGN_STYLE = Automatic;
				CURRENT_PROJECT_VERSION = 7;
				DEVELOPMENT_TEAM = 6NA23TVJDC;
				ENABLE_PREVIEWS = YES;
				GCC_PREPROCESSOR_DEFINITIONS = (
					"DEBUG=1",
					"$(inherited)",
				);
				GENERATE_INFOPLIST_FILE = NO;
				INFOPLIST_FILE = ulak/Info.plist;
				IPHONEOS_DEPLOYMENT_TARGET = 16.0;
				MARKETING_VERSION = 1.0.4;
				PRODUCT_BUNDLE_IDENTIFIER = com.ulak.ios;
				PRODUCT_NAME = "$(TARGET_NAME)";
				SWIFT_EMIT_LOC_STRINGS = YES;
				SWIFT_VERSION = 5.0;
				TARGETED_DEVICE_FAMILY = "1,2";
			};
			name = Debug;
		};
		000000000000000000000081 /* Release */ = {
			isa = XCBuildConfiguration;
			buildSettings = {
				ASSETCATALOG_COMPILER_APPICON_NAME = AppIcon;
				ASSETCATALOG_COMPILER_GLOBAL_ACCENT_COLOR_NAME = AccentColor;
				CODE_SIGN_STYLE = Automatic;
				CURRENT_PROJECT_VERSION = 7;
				DEVELOPMENT_TEAM = 6NA23TVJDC;
				ENABLE_PREVIEWS = YES;
				GENERATE_INFOPLIST_FILE = NO;
				INFOPLIST_FILE = ulak/Info.plist;
				IPHONEOS_DEPLOYMENT_TARGET = 16.0;
				MARKETING_VERSION = 1.0.4;
				PRODUCT_BUNDLE_IDENTIFIER = com.ulak.ios;
				PRODUCT_NAME = "$(TARGET_NAME)";
				SWIFT_EMIT_LOC_STRINGS = YES;
				SWIFT_VERSION = 5.0;
				TARGETED_DEVICE_FAMILY = "1,2";
				VALIDATE_PRODUCT = YES;
			};
			name = Release;
		};
		000000000000000000000082 /* Debug */ = {
			isa = XCBuildConfiguration;
			buildSettings = {
				BUNDLE_LOADER = "$(TEST_HOST)";
				CODE_SIGN_STYLE = Automatic;
				CURRENT_PROJECT_VERSION = 1;
				GENERATE_INFOPLIST_FILE = YES;
				IPHONEOS_DEPLOYMENT_TARGET = 16.0;
				MARKETING_VERSION = 1.0;
				PRODUCT_BUNDLE_IDENTIFIER = com.ulak.ios.tests;
				PRODUCT_NAME = "$(TARGET_NAME)";
				SWIFT_EMIT_LOC_STRINGS = NO;
				SWIFT_VERSION = 5.0;
				TARGETED_DEVICE_FAMILY = "1,2";
				TEST_HOST = "$(BUILT_PRODUCTS_DIR)/ulak.app/$(BUNDLE_EXECUTABLE_FOLDER_PATH)/ulak";
			};
			name = Debug;
		};
		000000000000000000000083 /* Release */ = {
			isa = XCBuildConfiguration;
			buildSettings = {
				BUNDLE_LOADER = "$(TEST_HOST)";
				CODE_SIGN_STYLE = Automatic;
				CURRENT_PROJECT_VERSION = 1;
				GENERATE_INFOPLIST_FILE = YES;
				IPHONEOS_DEPLOYMENT_TARGET = 16.0;
				MARKETING_VERSION = 1.0;
				PRODUCT_BUNDLE_IDENTIFIER = com.ulak.ios.tests;
				PRODUCT_NAME = "$(TARGET_NAME)";
				SWIFT_EMIT_LOC_STRINGS = NO;
				SWIFT_VERSION = 5.0;
				TARGETED_DEVICE_FAMILY = "1,2";
				TEST_HOST = "$(BUILT_PRODUCTS_DIR)/ulak.app/$(BUNDLE_EXECUTABLE_FOLDER_PATH)/ulak";
			};
			name = Release;
		};
		000000000000000000000084 /* Debug */ = {
			isa = XCBuildConfiguration;
			buildSettings = {
				ALWAYS_SEARCH_USER_PATHS = NO;
				ASSETCATALOG_COMPILER_GENERATE_SWIFT_ASSET_SYMBOL_EXTENSIONS = YES;
				CLANG_ANALYZER_LOCALIZABILITY_NONLOCALIZED = YES;
				CLANG_ANALYZER_NONNULL = YES;
				CLANG_ANALYZER_NUMBER_OBJECT_CONVERSION = YES_AGGRESSIVE;
				CLANG_CXX_LANGUAGE_STANDARD = "gnu++20";
				CLANG_ENABLE_MODULES = YES;
				CLANG_ENABLE_OBJC_ARC = YES;
				CLANG_ENABLE_OBJC_WEAK = YES;
				CLANG_WARN_BLOCK_CAPTURE_AUTORELEASING = YES;
				CLANG_WARN_BOOL_CONVERSION = YES;
				CLANG_WARN_COMMA = YES;
				CLANG_WARN_CONSTANT_CONVERSION = YES;
				CLANG_WARN_DEPRECATED_OBJC_IMPLEMENTATIONS = YES;
				CLANG_WARN_DIRECT_OBJC_ISA_USAGE = YES_ERROR;
				CLANG_WARN_DOCUMENTATION_COMMENTS = YES;
				CLANG_WARN_EMPTY_BODY = YES;
				CLANG_WARN_ENUM_CONVERSION = YES;
				CLANG_WARN_INFINITE_RECURSION = YES;
				CLANG_WARN_INT_CONVERSION = YES;
				CLANG_WARN_NON_LITERAL_NULL_CONVERSION = YES;
				CLANG_WARN_OBJC_IMPLICIT_RETAIN_SELF = YES;
				CLANG_WARN_OBJC_LITERAL_CONVERSION = YES;
				CLANG_WARN_OBJC_ROOT_CLASS = YES_ERROR;
				CLANG_WARN_QUOTED_INCLUDE_IN_FRAMEWORK_HEADER = YES;
				CLANG_WARN_RANGE_LOOP_ANALYSIS = YES;
				CLANG_WARN_STRICT_PROTOTYPES = YES;
				CLANG_WARN_SUSPICIOUS_MOVE = YES;
				CLANG_WARN_UNGUARDED_AVAILABILITY = YES_AGGRESSIVE;
				CLANG_WARN_UNREACHABLE_CODE = YES;
				CLANG_WARN__DUPLICATE_METHOD_MATCH = YES;
				COPY_PHASE_STRIP = NO;
				DEBUG_INFORMATION_FORMAT = dwarf;
				ENABLE_STRICT_OBJC_MSGSEND = YES;
				ENABLE_TESTABILITY = YES;
				ENABLE_USER_SCRIPT_SANDBOXING = YES;
				GCC_C_LANGUAGE_STANDARD = gnu17;
				GCC_DYNAMIC_NO_PIC = NO;
				GCC_NO_COMMON_BLOCKS = YES;
				GCC_OPTIMIZATION_LEVEL = 0;
				GCC_WARN_64_TO_32_BIT_CONVERSION = YES;
				GCC_WARN_ABOUT_RETURN_TYPE = YES_ERROR;
				GCC_WARN_UNDECLARED_SELECTOR = YES;
				GCC_WARN_UNINITIALIZED_AUTOS = YES_AGGRESSIVE;
				GCC_WARN_UNUSED_FUNCTION = YES;
				GCC_WARN_UNUSED_VARIABLE = YES;
				IPHONEOS_DEPLOYMENT_TARGET = 16.0;
				MTL_ENABLE_DEBUG_INFO = INCLUDE_SOURCE;
				MTL_FAST_MATH = YES;
				ONLY_ACTIVE_ARCH = YES;
				SDKROOT = iphoneos;
				STRING_CATALOG_GENERATE_SYMBOLS = YES;
				SWIFT_ACTIVE_COMPILATION_CONDITIONS = DEBUG;
				SWIFT_OPTIMIZATION_LEVEL = "-Onone";
			};
			name = Debug;
		};
		000000000000000000000085 /* Release */ = {
			isa = XCBuildConfiguration;
			buildSettings = {
				ALWAYS_SEARCH_USER_PATHS = NO;
				ASSETCATALOG_COMPILER_GENERATE_SWIFT_ASSET_SYMBOL_EXTENSIONS = YES;
				CLANG_ANALYZER_LOCALIZABILITY_NONLOCALIZED = YES;
				CLANG_ANALYZER_NONNULL = YES;
				CLANG_ANALYZER_NUMBER_OBJECT_CONVERSION = YES_AGGRESSIVE;
				CLANG_CXX_LANGUAGE_STANDARD = "gnu++20";
				CLANG_ENABLE_MODULES = YES;
				CLANG_ENABLE_OBJC_ARC = YES;
				CLANG_ENABLE_OBJC_WEAK = YES;
				CLANG_WARN_BLOCK_CAPTURE_AUTORELEASING = YES;
				CLANG_WARN_BOOL_CONVERSION = YES;
				CLANG_WARN_COMMA = YES;
				CLANG_WARN_CONSTANT_CONVERSION = YES;
				CLANG_WARN_DEPRECATED_OBJC_IMPLEMENTATIONS = YES;
				CLANG_WARN_DIRECT_OBJC_ISA_USAGE = YES_ERROR;
				CLANG_WARN_DOCUMENTATION_COMMENTS = YES;
				CLANG_WARN_EMPTY_BODY = YES;
				CLANG_WARN_ENUM_CONVERSION = YES;
				CLANG_WARN_INFINITE_RECURSION = YES;
				CLANG_WARN_INT_CONVERSION = YES;
				CLANG_WARN_NON_LITERAL_NULL_CONVERSION = YES;
				CLANG_WARN_OBJC_IMPLICIT_RETAIN_SELF = YES;
				CLANG_WARN_OBJC_LITERAL_CONVERSION = YES;
				CLANG_WARN_OBJC_ROOT_CLASS = YES_ERROR;
				CLANG_WARN_QUOTED_INCLUDE_IN_FRAMEWORK_HEADER = YES;
				CLANG_WARN_RANGE_LOOP_ANALYSIS = YES;
				CLANG_WARN_STRICT_PROTOTYPES = YES;
				CLANG_WARN_SUSPICIOUS_MOVE = YES;
				CLANG_WARN_UNGUARDED_AVAILABILITY = YES_AGGRESSIVE;
				CLANG_WARN_UNREACHABLE_CODE = YES;
				CLANG_WARN__DUPLICATE_METHOD_MATCH = YES;
				COPY_PHASE_STRIP = NO;
				DEBUG_INFORMATION_FORMAT = "dwarf-with-dsym";
				ENABLE_NS_ASSERTIONS = NO;
				ENABLE_STRICT_OBJC_MSGSEND = YES;
				ENABLE_USER_SCRIPT_SANDBOXING = YES;
				GCC_C_LANGUAGE_STANDARD = gnu17;
				GCC_NO_COMMON_BLOCKS = YES;
				GCC_WARN_64_TO_32_BIT_CONVERSION = YES;
				GCC_WARN_ABOUT_RETURN_TYPE = YES_ERROR;
				GCC_WARN_UNDECLARED_SELECTOR = YES;
				GCC_WARN_UNINITIALIZED_AUTOS = YES_AGGRESSIVE;
				GCC_WARN_UNUSED_FUNCTION = YES;
				GCC_WARN_UNUSED_VARIABLE = YES;
				IPHONEOS_DEPLOYMENT_TARGET = 16.0;
				MTL_FAST_MATH = YES;
				SDKROOT = iphoneos;
				STRING_CATALOG_GENERATE_SYMBOLS = YES;
				SWIFT_COMPILATION_MODE = wholemodule;
				SWIFT_OPTIMIZATION_LEVEL = "-O";
				VALIDATE_PRODUCT = YES;
			};
			name = Release;
		};
		E1AA3BC62F83C86400684F0C /* Debug */ = {
			isa = XCBuildConfiguration;
			buildSettings = {
				ASSETCATALOG_COMPILER_APPICON_NAME = AppIcon;
				ASSETCATALOG_COMPILER_GLOBAL_ACCENT_COLOR_NAME = AccentColor;
				CODE_SIGN_STYLE = Automatic;
				CURRENT_PROJECT_VERSION = 1;
				DEVELOPMENT_TEAM = 6NA23TVJDC;
				ENABLE_PREVIEWS = YES;
				GCC_PREPROCESSOR_DEFINITIONS = (
					"DEBUG=1",
					"$(inherited)",
				);
				GENERATE_INFOPLIST_FILE = YES;
				INFOPLIST_KEY_CFBundleDisplayName = UlakWatch;
				INFOPLIST_KEY_UISupportedInterfaceOrientations = "UIInterfaceOrientationPortrait UIInterfaceOrientationPortraitUpsideDown";
				INFOPLIST_KEY_WKCompanionAppBundleIdentifier = com.ulak.ios;
				LD_RUNPATH_SEARCH_PATHS = (
					"$(inherited)",
					"@executable_path/Frameworks",
				);
				LOCALIZATION_PREFERS_STRING_CATALOGS = YES;
				MARKETING_VERSION = 1.0;
				PRODUCT_BUNDLE_IDENTIFIER = com.ulak.ios.watchkitapp;
				PRODUCT_NAME = "$(TARGET_NAME)";
				SDKROOT = watchos;
				SKIP_INSTALL = YES;
				STRING_CATALOG_GENERATE_SYMBOLS = YES;
				SWIFT_ACTIVE_COMPILATION_CONDITIONS = "DEBUG $(inherited)";
				SWIFT_APPROACHABLE_CONCURRENCY = YES;
				SWIFT_DEFAULT_ACTOR_ISOLATION = MainActor;
				SWIFT_EMIT_LOC_STRINGS = YES;
				SWIFT_UPCOMING_FEATURE_MEMBER_IMPORT_VISIBILITY = YES;
				SWIFT_VERSION = 5.0;
				TARGETED_DEVICE_FAMILY = 4;
				WATCHOS_DEPLOYMENT_TARGET = 26.4;
			};
			name = Debug;
		};
		E1AA3BC72F83C86400684F0C /* Release */ = {
			isa = XCBuildConfiguration;
			buildSettings = {
				ASSETCATALOG_COMPILER_APPICON_NAME = AppIcon;
				ASSETCATALOG_COMPILER_GLOBAL_ACCENT_COLOR_NAME = AccentColor;
				CODE_SIGN_STYLE = Automatic;
				CURRENT_PROJECT_VERSION = 1;
				DEVELOPMENT_TEAM = 6NA23TVJDC;
				ENABLE_PREVIEWS = YES;
				GENERATE_INFOPLIST_FILE = YES;
				INFOPLIST_KEY_CFBundleDisplayName = UlakWatch;
				INFOPLIST_KEY_UISupportedInterfaceOrientations = "UIInterfaceOrientationPortrait UIInterfaceOrientationPortraitUpsideDown";
				INFOPLIST_KEY_WKCompanionAppBundleIdentifier = com.ulak.ios;
				LD_RUNPATH_SEARCH_PATHS = (
					"$(inherited)",
					"@executable_path/Frameworks",
				);
				LOCALIZATION_PREFERS_STRING_CATALOGS = YES;
				MARKETING_VERSION = 1.0;
				MTL_ENABLE_DEBUG_INFO = NO;
				PRODUCT_BUNDLE_IDENTIFIER = com.ulak.ios.watchkitapp;
				PRODUCT_NAME = "$(TARGET_NAME)";
				SDKROOT = watchos;
				SKIP_INSTALL = YES;
				STRING_CATALOG_GENERATE_SYMBOLS = YES;
				SWIFT_APPROACHABLE_CONCURRENCY = YES;
				SWIFT_DEFAULT_ACTOR_ISOLATION = MainActor;
				SWIFT_EMIT_LOC_STRINGS = YES;
				SWIFT_UPCOMING_FEATURE_MEMBER_IMPORT_VISIBILITY = YES;
				SWIFT_VERSION = 5.0;
				TARGETED_DEVICE_FAMILY = 4;
				WATCHOS_DEPLOYMENT_TARGET = 26.4;
			};
			name = Release;
		};
/* End XCBuildConfiguration section */

/* Begin XCConfigurationList section */
		000000000000000000000090 /* Build configuration list for PBXNativeTarget "ulak" */ = {
			isa = XCConfigurationList;
			buildConfigurations = (
				000000000000000000000080 /* Debug */,
				000000000000000000000081 /* Release */,
			);
			defaultConfigurationIsVisible = 0;
			defaultConfigurationName = Release;
		};
		000000000000000000000091 /* Build configuration list for PBXNativeTarget "ulakTests" */ = {
			isa = XCConfigurationList;
			buildConfigurations = (
				000000000000000000000082 /* Debug */,
				000000000000000000000083 /* Release */,
			);
			defaultConfigurationIsVisible = 0;
			defaultConfigurationName = Release;
		};
		000000000000000000000092 /* Build configuration list for PBXProject "ulak" */ = {
			isa = XCConfigurationList;
			buildConfigurations = (
				000000000000000000000084 /* Debug */,
				000000000000000000000085 /* Release */,
			);
			defaultConfigurationIsVisible = 0;
			defaultConfigurationName = Release;
		};
		E1AA3BC82F83C86400684F0C /* Build configuration list for PBXNativeTarget "UlakWatch Watch App" */ = {
			isa = XCConfigurationList;
			buildConfigurations = (
				E1AA3BC62F83C86400684F0C /* Debug */,
				E1AA3BC72F83C86400684F0C /* Release */,
			);
			defaultConfigurationIsVisible = 0;
			defaultConfigurationName = Release;
		};
/* End XCConfigurationList section */
	};
	rootObject = 000000000000000000000050 /* Project object */;
}
